{
  "version": 4,
  "terraform_version": "1.15.2",
  "serial": 1,
  "lineage": "14053cae-aa55-ad3d-45e6-27e09af9ce6b",
  "outputs": {
    "file_path": {
      "value": "./hello.txt",
      "type": "string"
    }
  },
  "resources": [
    {
      "mode": "managed",
      "type": "local_file",
      "name": "hello",
      "provider": "provider[\"registry.terraform.io/hashicorp/local\"]",
      "instances": [
        {
          "schema_version": 0,
          "attributes": {
            "content": "Hello from Terraform! This file was created at 2026-05-08T16:56:19Z.",
            "content_base64": null,
            "content_base64sha256": "61Zgnok1sqgVNMov9XBGUIdpTDRo/tGc7r14RMtrQQs=",
            "content_base64sha512": "+hioxPhBClE9WYb9sR5iJXnkgSrA+xj5d77KeHEJdxDEDcF/L5i6mKZxNr+uTOD1uW1vNykhkgATamDHnnG4rg==",
            "content_md5": "9b5b1a7f5bcb2ce85a9198847d954fc1",
            "content_sha1": "2cbbd735a8438ba1c01b76e4b2d2d125f4acbd92",
            "content_sha256": "eb56609e8935b2a81534ca2ff570465087694c3468fed19ceebd7844cb6b410b",
            "content_sha512": "fa18a8c4f8410a513d5986fdb11e622579e4812ac0fb18f977beca7871097710c40dc17f2f98ba98a67136bfae4ce0f5b96d6f3729219200136a60c79e71b8ae",
            "directory_permission": "0777",
            "file_permission": "0777",
            "filename": "./hello.txt",
            "id": "2cbbd735a8438ba1c01b76e4b2d2d125f4acbd92",
            "sensitive_content": null,
            "source": null
          },
          "sensitive_attributes": [
            [
              {
                "type": "get_attr",
                "value": "sensitive_content"
              }
            ]
          ],
          "identity_schema_version": 0
        }
      ]
    }
  ],
  "check_results": null
}
